
Microsoft Visual Studio Solution File, Format Version 12.00
# Visual Studio 2013
VisualStudioVersion = 12.0.31101.0
MinimumVisualStudioVersion = 10.0.40219.1
Project("{FAE04EC0-301F-11D3-BF4B-00C04F79EFBC}") = "WWF", "WWF\WWF.csproj", "{A6EC1C3A-5CF4-4EAC-8640-9BB283F3D106}"
EndProject
Project("{FAE04EC0-301F-11D3-BF4B-00C04F79EFBC}") = "WWF.Testing", "WWF.Testing\WWF.Testing.csproj", "{DCEAAD0C-1C40-4895-82CB-BF42FF8BEC72}"
EndProject
Global
	GlobalSection(SolutionConfigurationPlatforms) = preSolution
		Debug|Any CPU = Debug|Any CPU
		Release|Any CPU = Release|Any CPU
	EndGlobalSection
	GlobalSection(ProjectConfigurationPlatforms) = postSolution
		{A6EC1C3A-5CF4-4EAC-8640-9BB283F3D106}.Debug|Any CPU.ActiveCfg = Debug|Any CPU
		{A6EC1C3A-5CF4-4EAC-8640-9BB283F3D106}.Debug|Any CPU.Build.0 = Debug|Any CPU
		{A6EC1C3A-5CF4-4EAC-8640-9BB283F3D106}.Release|Any CPU.ActiveCfg = Release|Any CPU
		{A6EC1C3A-5CF4-4EAC-8640-9BB283F3D106}.Release|Any CPU.Build.0 = Release|Any CPU
		{DCEAAD0C-1C40-4895-82CB-BF42FF8BEC72}.Debug|Any CPU.ActiveCfg = Debug|Any CPU
		{DCEAAD0C-1C40-4895-82CB-BF42FF8BEC72}.Debug|Any CPU.Build.0 = Debug|Any CPU
		{DCEAAD0C-1C40-4895-82CB-BF42FF8BEC72}.Release|Any CPU.ActiveCfg = Release|Any CPU
		{DCEAAD0C-1C40-4895-82CB-BF42FF8BEC72}.Release|Any CPU.Build.0 = Release|Any CPU
	EndGlobalSection
	GlobalSection(SolutionProperties) = preSolution
		HideSolutionNode = FALSE
	EndGlobalSection
EndGlobal
